<?xml version="1.0" encoding="utf-8"?>
<Project ToolsVersion="4.0" xmlns="http://schemas.microsoft.com/developer/msbuild/2003">
  <ItemGroup>
    <Filter Include="Generated Files">
      <UniqueIdentifier>{e7810f35-75f0-410f-a28c-1d07ffd5445f}</UniqueIdentifier>
    </Filter>
    <Filter Include="Source Files">
      <UniqueIdentifier>{a10affec-1c43-4b13-85fd-58b278b4d7cf}</UniqueIdentifier>
      <Extensions>cpp;c;edl;def; .. and other options</Extensions>
    </Filter>
    <Filter Include="Header Files">
      <UniqueIdentifier>{9ce706ce-5403-48a0-a467-c857f4827e11}</UniqueIdentifier>
      <Extensions>h;hpp; .. and other options</Extensions>
    </Filter>
    <Filter Include="Resource Files">
      <UniqueIdentifier>{ea2bfdbc-1af3-436a-b876-17dbcaa8aff9}</UniqueIdentifier>
      <Extensions>rc;xml;pem; .. and other options</Extensions>
    </Filter>
  </ItemGroup>
  <ItemGroup>
    <ClCompile Include="vdbe.cpp">
      <Filter>Source Files</Filter>
    </ClCompile>
    <ClCompile Include="vdbe.c">
      <Filter>Source Files</Filter>
    </ClCompile>
    <ClCompile Include="vdbeapi.c">
      <Filter>Source Files</Filter>
    </ClCompile>
    <ClCompile Include="vdbeaux.c">
      <Filter>Source Files</Filter>
    </ClCompile>
    <ClCompile Include="vdbeblob.c">
      <Filter>Source Files</Filter>
    </ClCompile>
    <ClCompile Include="vdbemem.c">
      <Filter>Source Files</Filter>
    </ClCompile>
    <ClCompile Include="vdbesort.c">
      <Filter>Source Files</Filter>
    </ClCompile>
    <ClCompile Include="malloc.c">
      <Filter>Source Files</Filter>
    </ClCompile>
    <ClCompile Include="..\sqlite\global.c">
      <Filter>Source Files</Filter>
    </ClCompile>
    <ClCompile Include="..\sqlite\mem1.c">
      <Filter>Source Files</Filter>
    </ClCompile>
    <ClCompile Include="status.c">
      <Filter>Source Files</Filter>
    </ClCompile>
    <ClCompile Include="main.c">
      <Filter>Source Files</Filter>
    </ClCompile>
    <ClCompile Include="edge_t.c">
      <Filter>Source Files</Filter>
    </ClCompile>
    <ClCompile Include="vdbe_t.c">
      <Filter>Generated Files</Filter>
    </ClCompile>
    <ClCompile Include="util.c">
      <Filter>Source Files</Filter>
    </ClCompile>
  </ItemGroup>
  <ItemGroup>
    <ClInclude Include="vdbe.h">
      <Filter>Header Files</Filter>
    </ClInclude>
    <ClInclude Include="vdbeInt.h">
      <Filter>Header Files</Filter>
    </ClInclude>
    <ClInclude Include="vdbe_t.h">
      <Filter>Generated Files</Filter>
    </ClInclude>
  </ItemGroup>
  <ItemGroup>
    <None Include="vdbe_private.pem">
      <Filter>Resource Files</Filter>
    </None>
    <None Include="README.md" />
    <None Include="ClassDiagram.cd" />
  </ItemGroup>
  <ItemGroup>
    <Xml Include="vdbe.config.xml">
      <Filter>Resource Files</Filter>
    </Xml>
  </ItemGroup>
  <ItemGroup>
    <CustomBuild Include="vdbe.edl">
      <Filter>Source Files</Filter>
    </CustomBuild>
  </ItemGroup>
</Project>